Microsoft Visual Studio Solution File, Format Version 11.00
# Visual Studio 2008

Project("{36C3C85C-39E3-915B-B0A0-AE0358445F77}") = "BioLib", "Assembly-CSharp-firstpass.csproj", "{2E5AA6A4-69BE-131B-78A5-F8AA36A4F299}"
EndProject
Project("{36C3C85C-39E3-915B-B0A0-AE0358445F77}") = "BioLib", "Assembly-CSharp.csproj", "{19BF0790-AC55-3BDD-FF40-F002CDE9C9B9}"
EndProject
Project("{36C3C85C-39E3-915B-B0A0-AE0358445F77}") = "BioLib", "Assembly-CSharp-Editor.csproj", "{7A966557-F9DA-6620-AFF6-595579A2E4A1}"
EndProject
Project("{36C3C85C-39E3-915B-B0A0-AE0358445F77}") = "BioLib", "Assembly-UnityScript-firstpass.unityproj", "{331380BC-4314-4A62-F541-D6E166CCB928}"
EndProject
Global
	GlobalSection(SolutionConfigurationPlatforms) = preSolution
		Debug|Any CPU = Debug|Any CPU
		Release|Any CPU = Release|Any CPU
	EndGlobalSection
	GlobalSection(ProjectConfigurationPlatforms) = postSolution
		{2E5AA6A4-69BE-131B-78A5-F8AA36A4F299}.Debug|Any CPU.ActiveCfg = Debug|Any CPU
		{2E5AA6A4-69BE-131B-78A5-F8AA36A4F299}.Debug|Any CPU.Build.0 = Debug|Any CPU
		{2E5AA6A4-69BE-131B-78A5-F8AA36A4F299}.Release|Any CPU.ActiveCfg = Release|Any CPU
		{2E5AA6A4-69BE-131B-78A5-F8AA36A4F299}.Release|Any CPU.Build.0 = Release|Any CPU
		{19BF0790-AC55-3BDD-FF40-F002CDE9C9B9}.Debug|Any CPU.ActiveCfg = Debug|Any CPU
		{19BF0790-AC55-3BDD-FF40-F002CDE9C9B9}.Debug|Any CPU.Build.0 = Debug|Any CPU
		{19BF0790-AC55-3BDD-FF40-F002CDE9C9B9}.Release|Any CPU.ActiveCfg = Release|Any CPU
		{19BF0790-AC55-3BDD-FF40-F002CDE9C9B9}.Release|Any CPU.Build.0 = Release|Any CPU
		{7A966557-F9DA-6620-AFF6-595579A2E4A1}.Debug|Any CPU.ActiveCfg = Debug|Any CPU
		{7A966557-F9DA-6620-AFF6-595579A2E4A1}.Debug|Any CPU.Build.0 = Debug|Any CPU
		{7A966557-F9DA-6620-AFF6-595579A2E4A1}.Release|Any CPU.ActiveCfg = Release|Any CPU
		{7A966557-F9DA-6620-AFF6-595579A2E4A1}.Release|Any CPU.Build.0 = Release|Any CPU
		{331380BC-4314-4A62-F541-D6E166CCB928}.Debug|Any CPU.ActiveCfg = Debug|Any CPU
		{331380BC-4314-4A62-F541-D6E166CCB928}.Debug|Any CPU.Build.0 = Debug|Any CPU
		{331380BC-4314-4A62-F541-D6E166CCB928}.Release|Any CPU.ActiveCfg = Release|Any CPU
		{331380BC-4314-4A62-F541-D6E166CCB928}.Release|Any CPU.Build.0 = Release|Any CPU
	EndGlobalSection
	GlobalSection(SolutionProperties) = preSolution
		HideSolutionNode = FALSE
	EndGlobalSection
																										GlobalSection(MonoDevelopProperties) = preSolution
		StartupItem = Assembly-CSharp.csproj
		Policies = $0
		$0.TextStylePolicy = $1
		$1.inheritsSet = null
		$1.scope = text/x-csharp
		$0.CSharpFormattingPolicy = $2
		$2.inheritsSet = Mono
		$2.inheritsScope = text/x-csharp
		$2.scope = text/x-csharp
		$0.TextStylePolicy = $3
		$3.FileWidth = 120
		$3.TabWidth = 4
		$3.EolMarker = Unix
		$3.inheritsSet = Mono
		$3.inheritsScope = text/plain
		$3.scope = text/plain
	EndGlobalSection

EndGlobal
